
Microsoft Visual Studio Solution File, Format Version 12.00
# Visual Studio 2013
VisualStudioVersion = 12.0.21005.1
MinimumVisualStudioVersion = 10.0.40219.1
Project("{FAE04EC0-301F-11D3-BF4B-00C04F79EFBC}") = "01.Shapes", "01.Shapes\01.Shapes.csproj", "{385AE307-FF4A-4A4F-B4C0-EC82543AE4FA}"
EndProject
Project("{FAE04EC0-301F-11D3-BF4B-00C04F79EFBC}") = "02.BankOfKurtovoKonare", "02.BankOfKurtovoKonare\02.BankOfKurtovoKonare.csproj", "{C5E5B635-59B2-41C0-B16F-7D0B136C0B82}"
EndProject
Project("{FAE04EC0-301F-11D3-BF4B-00C04F79EFBC}") = "03.TheSlum", "03.TheSlum-Skeleton\03.TheSlum.csproj", "{7C6F7F25-2FDB-401F-B1A9-D8CE3BB7308D}"
EndProject
Global
	GlobalSection(SolutionConfigurationPlatforms) = preSolution
		Debug|Any CPU = Debug|Any CPU
		Release|Any CPU = Release|Any CPU
	EndGlobalSection
	GlobalSection(ProjectConfigurationPlatforms) = postSolution
		{385AE307-FF4A-4A4F-B4C0-EC82543AE4FA}.Debug|Any CPU.ActiveCfg = Debug|Any CPU
		{385AE307-FF4A-4A4F-B4C0-EC82543AE4FA}.Debug|Any CPU.Build.0 = Debug|Any CPU
		{385AE307-FF4A-4A4F-B4C0-EC82543AE4FA}.Release|Any CPU.ActiveCfg = Release|Any CPU
		{385AE307-FF4A-4A4F-B4C0-EC82543AE4FA}.Release|Any CPU.Build.0 = Release|Any CPU
		{C5E5B635-59B2-41C0-B16F-7D0B136C0B82}.Debug|Any CPU.ActiveCfg = Debug|Any CPU
		{C5E5B635-59B2-41C0-B16F-7D0B136C0B82}.Debug|Any CPU.Build.0 = Debug|Any CPU
		{C5E5B635-59B2-41C0-B16F-7D0B136C0B82}.Release|Any CPU.ActiveCfg = Release|Any CPU
		{C5E5B635-59B2-41C0-B16F-7D0B136C0B82}.Release|Any CPU.Build.0 = Release|Any CPU
		{7C6F7F25-2FDB-401F-B1A9-D8CE3BB7308D}.Debug|Any CPU.ActiveCfg = Debug|Any CPU
		{7C6F7F25-2FDB-401F-B1A9-D8CE3BB7308D}.Debug|Any CPU.Build.0 = Debug|Any CPU
		{7C6F7F25-2FDB-401F-B1A9-D8CE3BB7308D}.Release|Any CPU.ActiveCfg = Release|Any CPU
		{7C6F7F25-2FDB-401F-B1A9-D8CE3BB7308D}.Release|Any CPU.Build.0 = Release|Any CPU
	EndGlobalSection
	GlobalSection(SolutionProperties) = preSolution
		HideSolutionNode = FALSE
	EndGlobalSection
EndGlobal
