
Microsoft Visual Studio Solution File, Format Version 12.00
# Visual Studio 2013
VisualStudioVersion = 12.0.21005.1
MinimumVisualStudioVersion = 10.0.40219.1
Project("{FAE04EC0-301F-11D3-BF4B-00C04F79EFBC}") = "01.SquareRoot", "01.SquareRoot\01.SquareRoot.csproj", "{B9D5D814-1E04-4EAB-BDD0-1D78907B2BF4}"
EndProject
Project("{FAE04EC0-301F-11D3-BF4B-00C04F79EFBC}") = "02.EnterNumbers", "02.EnterNumbers\02.EnterNumbers.csproj", "{79F0D10D-7DC5-4A51-A3D5-EF9C5DDF3855}"
EndProject
Global
	GlobalSection(SolutionConfigurationPlatforms) = preSolution
		Debug|Any CPU = Debug|Any CPU
		Release|Any CPU = Release|Any CPU
	EndGlobalSection
	GlobalSection(ProjectConfigurationPlatforms) = postSolution
		{B9D5D814-1E04-4EAB-BDD0-1D78907B2BF4}.Debug|Any CPU.ActiveCfg = Debug|Any CPU
		{B9D5D814-1E04-4EAB-BDD0-1D78907B2BF4}.Debug|Any CPU.Build.0 = Debug|Any CPU
		{B9D5D814-1E04-4EAB-BDD0-1D78907B2BF4}.Release|Any CPU.ActiveCfg = Release|Any CPU
		{B9D5D814-1E04-4EAB-BDD0-1D78907B2BF4}.Release|Any CPU.Build.0 = Release|Any CPU
		{79F0D10D-7DC5-4A51-A3D5-EF9C5DDF3855}.Debug|Any CPU.ActiveCfg = Debug|Any CPU
		{79F0D10D-7DC5-4A51-A3D5-EF9C5DDF3855}.Debug|Any CPU.Build.0 = Debug|Any CPU
		{79F0D10D-7DC5-4A51-A3D5-EF9C5DDF3855}.Release|Any CPU.ActiveCfg = Release|Any CPU
		{79F0D10D-7DC5-4A51-A3D5-EF9C5DDF3855}.Release|Any CPU.Build.0 = Release|Any CPU
	EndGlobalSection
	GlobalSection(SolutionProperties) = preSolution
		HideSolutionNode = FALSE
	EndGlobalSection
EndGlobal
