
Microsoft Visual Studio Solution File, Format Version 12.00
# Visual Studio 2013
VisualStudioVersion = 12.0.21005.1
MinimumVisualStudioVersion = 10.0.40219.1
Project("{FAE04EC0-301F-11D3-BF4B-00C04F79EFBC}") = "01.School", "01.School\01.School.csproj", "{4A97AC7E-C8B9-46AD-9BB6-96151FD6EEB1}"
EndProject
Project("{FAE04EC0-301F-11D3-BF4B-00C04F79EFBC}") = "02.Human Student Worker", "02.Human Student Worker\02.Human Student Worker.csproj", "{2BC29C89-F1B4-4390-A533-6D8753572295}"
EndProject
Project("{FAE04EC0-301F-11D3-BF4B-00C04F79EFBC}") = "03.Animals", "03.Animals\03.Animals.csproj", "{C52D9033-43F2-47EA-A5CA-2D7DA158D303}"
EndProject
Project("{FAE04EC0-301F-11D3-BF4B-00C04F79EFBC}") = "04.Company Hierarchy", "04.Company Hierarchy\04.Company Hierarchy.csproj", "{3B0250C1-F674-44C2-9904-80353D1D764F}"
EndProject
Global
	GlobalSection(SolutionConfigurationPlatforms) = preSolution
		Debug|Any CPU = Debug|Any CPU
		Release|Any CPU = Release|Any CPU
	EndGlobalSection
	GlobalSection(ProjectConfigurationPlatforms) = postSolution
		{4A97AC7E-C8B9-46AD-9BB6-96151FD6EEB1}.Debug|Any CPU.ActiveCfg = Debug|Any CPU
		{4A97AC7E-C8B9-46AD-9BB6-96151FD6EEB1}.Debug|Any CPU.Build.0 = Debug|Any CPU
		{4A97AC7E-C8B9-46AD-9BB6-96151FD6EEB1}.Release|Any CPU.ActiveCfg = Release|Any CPU
		{4A97AC7E-C8B9-46AD-9BB6-96151FD6EEB1}.Release|Any CPU.Build.0 = Release|Any CPU
		{2BC29C89-F1B4-4390-A533-6D8753572295}.Debug|Any CPU.ActiveCfg = Debug|Any CPU
		{2BC29C89-F1B4-4390-A533-6D8753572295}.Debug|Any CPU.Build.0 = Debug|Any CPU
		{2BC29C89-F1B4-4390-A533-6D8753572295}.Release|Any CPU.ActiveCfg = Release|Any CPU
		{2BC29C89-F1B4-4390-A533-6D8753572295}.Release|Any CPU.Build.0 = Release|Any CPU
		{C52D9033-43F2-47EA-A5CA-2D7DA158D303}.Debug|Any CPU.ActiveCfg = Debug|Any CPU
		{C52D9033-43F2-47EA-A5CA-2D7DA158D303}.Debug|Any CPU.Build.0 = Debug|Any CPU
		{C52D9033-43F2-47EA-A5CA-2D7DA158D303}.Release|Any CPU.ActiveCfg = Release|Any CPU
		{C52D9033-43F2-47EA-A5CA-2D7DA158D303}.Release|Any CPU.Build.0 = Release|Any CPU
		{3B0250C1-F674-44C2-9904-80353D1D764F}.Debug|Any CPU.ActiveCfg = Debug|Any CPU
		{3B0250C1-F674-44C2-9904-80353D1D764F}.Debug|Any CPU.Build.0 = Debug|Any CPU
		{3B0250C1-F674-44C2-9904-80353D1D764F}.Release|Any CPU.ActiveCfg = Release|Any CPU
		{3B0250C1-F674-44C2-9904-80353D1D764F}.Release|Any CPU.Build.0 = Release|Any CPU
	EndGlobalSection
	GlobalSection(SolutionProperties) = preSolution
		HideSolutionNode = FALSE
	EndGlobalSection
EndGlobal
