
Microsoft Visual Studio Solution File, Format Version 12.00
# Visual Studio 2013
VisualStudioVersion = 12.0.21005.1
MinimumVisualStudioVersion = 10.0.40219.1
Project("{FAE04EC0-301F-11D3-BF4B-00C04F79EFBC}") = "TelerikTests", "TelerikTests\TelerikTests.csproj", "{56D9904B-2492-4FDA-AA1E-6B87339F9FE8}"
EndProject
Project("{FAE04EC0-301F-11D3-BF4B-00C04F79EFBC}") = "BunniesCraft.Model", "BunniesCraft.Model\BunniesCraft.Model.csproj", "{623A0C8B-AE23-48C7-ADB2-CCD4E10DDEDF}"
EndProject
Project("{FAE04EC0-301F-11D3-BF4B-00C04F79EFBC}") = "BunniesCraft.Data", "BunniesCraft.Data\BunniesCraft.Data.csproj", "{723E47C5-8D07-4B72-94C2-5FD032AB12B7}"
EndProject
Global
	GlobalSection(SolutionConfigurationPlatforms) = preSolution
		Debug|Any CPU = Debug|Any CPU
		Release|Any CPU = Release|Any CPU
	EndGlobalSection
	GlobalSection(ProjectConfigurationPlatforms) = postSolution
		{56D9904B-2492-4FDA-AA1E-6B87339F9FE8}.Debug|Any CPU.ActiveCfg = Debug|Any CPU
		{56D9904B-2492-4FDA-AA1E-6B87339F9FE8}.Debug|Any CPU.Build.0 = Debug|Any CPU
		{56D9904B-2492-4FDA-AA1E-6B87339F9FE8}.Release|Any CPU.ActiveCfg = Release|Any CPU
		{56D9904B-2492-4FDA-AA1E-6B87339F9FE8}.Release|Any CPU.Build.0 = Release|Any CPU
		{623A0C8B-AE23-48C7-ADB2-CCD4E10DDEDF}.Debug|Any CPU.ActiveCfg = Debug|Any CPU
		{623A0C8B-AE23-48C7-ADB2-CCD4E10DDEDF}.Debug|Any CPU.Build.0 = Debug|Any CPU
		{623A0C8B-AE23-48C7-ADB2-CCD4E10DDEDF}.Release|Any CPU.ActiveCfg = Release|Any CPU
		{623A0C8B-AE23-48C7-ADB2-CCD4E10DDEDF}.Release|Any CPU.Build.0 = Release|Any CPU
		{723E47C5-8D07-4B72-94C2-5FD032AB12B7}.Debug|Any CPU.ActiveCfg = Debug|Any CPU
		{723E47C5-8D07-4B72-94C2-5FD032AB12B7}.Debug|Any CPU.Build.0 = Debug|Any CPU
		{723E47C5-8D07-4B72-94C2-5FD032AB12B7}.Release|Any CPU.ActiveCfg = Release|Any CPU
		{723E47C5-8D07-4B72-94C2-5FD032AB12B7}.Release|Any CPU.Build.0 = Release|Any CPU
	EndGlobalSection
	GlobalSection(SolutionProperties) = preSolution
		HideSolutionNode = FALSE
	EndGlobalSection
EndGlobal
