
Microsoft Visual Studio Solution File, Format Version 12.00
# Visual Studio 2013
VisualStudioVersion = 12.0.21005.1
MinimumVisualStudioVersion = 10.0.40219.1
Project("{FAE04EC0-301F-11D3-BF4B-00C04F79EFBC}") = "NewsDatabase.Model", "NewsDatabase.Model\NewsDatabase.Model.csproj", "{21516CD5-0280-4B51-B15B-13671D459C3D}"
EndProject
Project("{FAE04EC0-301F-11D3-BF4B-00C04F79EFBC}") = "NewsDatabase.Client", "NewsDatabase.Client\NewsDatabase.Client.csproj", "{3732AD81-D051-48EE-953B-99A278B69819}"
EndProject
Project("{FAE04EC0-301F-11D3-BF4B-00C04F79EFBC}") = "NewsDatabase.Data", "NewsDatabase.Data\NewsDatabase.Data.csproj", "{2C063B01-ABE0-4FF6-B521-E39AA106103E}"
EndProject
Global
	GlobalSection(SolutionConfigurationPlatforms) = preSolution
		Debug|Any CPU = Debug|Any CPU
		Release|Any CPU = Release|Any CPU
	EndGlobalSection
	GlobalSection(ProjectConfigurationPlatforms) = postSolution
		{21516CD5-0280-4B51-B15B-13671D459C3D}.Debug|Any CPU.ActiveCfg = Debug|Any CPU
		{21516CD5-0280-4B51-B15B-13671D459C3D}.Debug|Any CPU.Build.0 = Debug|Any CPU
		{21516CD5-0280-4B51-B15B-13671D459C3D}.Release|Any CPU.ActiveCfg = Release|Any CPU
		{21516CD5-0280-4B51-B15B-13671D459C3D}.Release|Any CPU.Build.0 = Release|Any CPU
		{3732AD81-D051-48EE-953B-99A278B69819}.Debug|Any CPU.ActiveCfg = Debug|Any CPU
		{3732AD81-D051-48EE-953B-99A278B69819}.Debug|Any CPU.Build.0 = Debug|Any CPU
		{3732AD81-D051-48EE-953B-99A278B69819}.Release|Any CPU.ActiveCfg = Release|Any CPU
		{3732AD81-D051-48EE-953B-99A278B69819}.Release|Any CPU.Build.0 = Release|Any CPU
		{2C063B01-ABE0-4FF6-B521-E39AA106103E}.Debug|Any CPU.ActiveCfg = Debug|Any CPU
		{2C063B01-ABE0-4FF6-B521-E39AA106103E}.Debug|Any CPU.Build.0 = Debug|Any CPU
		{2C063B01-ABE0-4FF6-B521-E39AA106103E}.Release|Any CPU.ActiveCfg = Release|Any CPU
		{2C063B01-ABE0-4FF6-B521-E39AA106103E}.Release|Any CPU.Build.0 = Release|Any CPU
	EndGlobalSection
	GlobalSection(SolutionProperties) = preSolution
		HideSolutionNode = FALSE
	EndGlobalSection
EndGlobal
