
Microsoft Visual Studio Solution File, Format Version 12.00
# Visual Studio 2013
VisualStudioVersion = 12.0.21005.1
MinimumVisualStudioVersion = 10.0.40219.1
Project("{FAE04EC0-301F-11D3-BF4B-00C04F79EFBC}") = "ATM.Model", "ATM.Model\ATM.Model.csproj", "{15EE307D-5372-48BD-9066-28A0A5038B47}"
EndProject
Project("{FAE04EC0-301F-11D3-BF4B-00C04F79EFBC}") = "ATM.Data", "ATM.Data\ATM.Data.csproj", "{A653415E-5B10-41CB-BB31-E33F3671CEC3}"
EndProject
Project("{FAE04EC0-301F-11D3-BF4B-00C04F79EFBC}") = "ATM.Client", "ATM.Client\ATM.Client.csproj", "{813A7908-A697-4D90-A9E6-1F38DB70DD78}"
EndProject
Global
	GlobalSection(SolutionConfigurationPlatforms) = preSolution
		Debug|Any CPU = Debug|Any CPU
		Release|Any CPU = Release|Any CPU
	EndGlobalSection
	GlobalSection(ProjectConfigurationPlatforms) = postSolution
		{15EE307D-5372-48BD-9066-28A0A5038B47}.Debug|Any CPU.ActiveCfg = Debug|Any CPU
		{15EE307D-5372-48BD-9066-28A0A5038B47}.Debug|Any CPU.Build.0 = Debug|Any CPU
		{15EE307D-5372-48BD-9066-28A0A5038B47}.Release|Any CPU.ActiveCfg = Release|Any CPU
		{15EE307D-5372-48BD-9066-28A0A5038B47}.Release|Any CPU.Build.0 = Release|Any CPU
		{A653415E-5B10-41CB-BB31-E33F3671CEC3}.Debug|Any CPU.ActiveCfg = Debug|Any CPU
		{A653415E-5B10-41CB-BB31-E33F3671CEC3}.Debug|Any CPU.Build.0 = Debug|Any CPU
		{A653415E-5B10-41CB-BB31-E33F3671CEC3}.Release|Any CPU.ActiveCfg = Release|Any CPU
		{A653415E-5B10-41CB-BB31-E33F3671CEC3}.Release|Any CPU.Build.0 = Release|Any CPU
		{813A7908-A697-4D90-A9E6-1F38DB70DD78}.Debug|Any CPU.ActiveCfg = Debug|Any CPU
		{813A7908-A697-4D90-A9E6-1F38DB70DD78}.Debug|Any CPU.Build.0 = Debug|Any CPU
		{813A7908-A697-4D90-A9E6-1F38DB70DD78}.Release|Any CPU.ActiveCfg = Release|Any CPU
		{813A7908-A697-4D90-A9E6-1F38DB70DD78}.Release|Any CPU.Build.0 = Release|Any CPU
	EndGlobalSection
	GlobalSection(SolutionProperties) = preSolution
		HideSolutionNode = FALSE
	EndGlobalSection
EndGlobal
